
Microsoft Visual Studio Solution File, Format Version 12.00
# Visual Studio 2013
VisualStudioVersion = 12.0.31101.0
MinimumVisualStudioVersion = 10.0.40219.1
Project("{8BC9CEB8-8B4A-11D0-8D11-00A0C91BC942}") = "PolarizationAnimation", "PolarizationAnimation\PolarizationAnimation.vcxproj", "{7BC6C14A-9633-4FFF-A9F2-DFF57C51B62D}"
EndProject
Project("{8BC9CEB8-8B4A-11D0-8D11-00A0C91BC942}") = "DifferentPerspect", "DifferentPerspect\DifferentPerspect.vcxproj", "{6E773990-F05C-425C-85A4-8FF11D84A251}"
EndProject
Project("{8BC9CEB8-8B4A-11D0-8D11-00A0C91BC942}") = "ManyWaves", "ManyWaves\ManyWaves.vcxproj", "{D9693618-C1F4-459F-9740-87322A8C603E}"
EndProject
Global
	GlobalSection(SolutionConfigurationPlatforms) = preSolution
		Debug|Win32 = Debug|Win32
		Release|Win32 = Release|Win32
	EndGlobalSection
	GlobalSection(ProjectConfigurationPlatforms) = postSolution
		{7BC6C14A-9633-4FFF-A9F2-DFF57C51B62D}.Debug|Win32.ActiveCfg = Debug|Win32
		{7BC6C14A-9633-4FFF-A9F2-DFF57C51B62D}.Debug|Win32.Build.0 = Debug|Win32
		{7BC6C14A-9633-4FFF-A9F2-DFF57C51B62D}.Release|Win32.ActiveCfg = Release|Win32
		{7BC6C14A-9633-4FFF-A9F2-DFF57C51B62D}.Release|Win32.Build.0 = Release|Win32
		{6E773990-F05C-425C-85A4-8FF11D84A251}.Debug|Win32.ActiveCfg = Debug|Win32
		{6E773990-F05C-425C-85A4-8FF11D84A251}.Debug|Win32.Build.0 = Debug|Win32
		{6E773990-F05C-425C-85A4-8FF11D84A251}.Release|Win32.ActiveCfg = Release|Win32
		{6E773990-F05C-425C-85A4-8FF11D84A251}.Release|Win32.Build.0 = Release|Win32
		{D9693618-C1F4-459F-9740-87322A8C603E}.Debug|Win32.ActiveCfg = Debug|Win32
		{D9693618-C1F4-459F-9740-87322A8C603E}.Debug|Win32.Build.0 = Debug|Win32
		{D9693618-C1F4-459F-9740-87322A8C603E}.Release|Win32.ActiveCfg = Release|Win32
		{D9693618-C1F4-459F-9740-87322A8C603E}.Release|Win32.Build.0 = Release|Win32
	EndGlobalSection
	GlobalSection(SolutionProperties) = preSolution
		HideSolutionNode = FALSE
	EndGlobalSection
EndGlobal
